{
  "originHash" : "b003a8136ccaac9df50ece36b39726c8bb4a7391b5d0d6c381bd0494e8ce1cf3",
  "pins" : [
    {
      "identity" : "cxxtaglib",
      "kind" : "remoteSourceControl",
      "location" : "https://github.com/sbooth/CXXTagLib.git",
      "state" : {
        "revision" : "a243fefb04d56eeade7669b4ec90dc2997089fbb",
        "version" : "2.1.1"
      }
    }
  ],
  "version" : 3
}
