{
  "originHash" : "e080d7bc691b418f8be31e8789e60f1f86407de9ebf86480d0d08ce9d67bd504",
  "pins" : [
    {
      "identity" : "cxxtaglib",
      "kind" : "remoteSourceControl",
      "location" : "https://github.com/sbooth/CXXTagLib.git",
      "state" : {
        "revision" : "a0e6af681acccd4a2e949ead379137ea67a82774",
        "version" : "2.0.2"
      }
    },
    {
      "identity" : "taglib-swift",
      "kind" : "remoteSourceControl",
      "location" : "https://github.com/OtoFlow/TagLib-Swift.git",
      "state" : {
        "branch" : "main",
        "revision" : "56c67cdd9c3d6d2f712042fbdec287bb25db9873"
      }
    }
  ],
  "version" : 3
}
